
Microsoft Visual Studio Solution File, Format Version 12.00
# Visual Studio 16
Project("{FAE04EC0-301F-11D3-BF4B-00C04F79EFBC}") = "Assembly-CSharp", "Assembly-CSharp.csproj", "{35AD20AF-A777-9567-8BBD-C5DB9982BE60}"
EndProject
Project("{FAE04EC0-301F-11D3-BF4B-00C04F79EFBC}") = "Assembly-CSharp-Editor", "Assembly-CSharp-Editor.csproj", "{1ECDF9DE-60ED-553A-3AC6-2BBBB00F4EA2}"
EndProject
Global
	GlobalSection(SolutionConfigurationPlatforms) = preSolution
		Debug|Any CPU = Debug|Any CPU
		Release|Any CPU = Release|Any CPU
	EndGlobalSection
	GlobalSection(ProjectConfigurationPlatforms) = postSolution
		{35AD20AF-A777-9567-8BBD-C5DB9982BE60}.Debug|Any CPU.ActiveCfg = Debug|Any CPU
		{35AD20AF-A777-9567-8BBD-C5DB9982BE60}.Debug|Any CPU.Build.0 = Debug|Any CPU
		{35AD20AF-A777-9567-8BBD-C5DB9982BE60}.Release|Any CPU.ActiveCfg = Release|Any CPU
		{35AD20AF-A777-9567-8BBD-C5DB9982BE60}.Release|Any CPU.Build.0 = Release|Any CPU
		{1ECDF9DE-60ED-553A-3AC6-2BBBB00F4EA2}.Debug|Any CPU.ActiveCfg = Debug|Any CPU
		{1ECDF9DE-60ED-553A-3AC6-2BBBB00F4EA2}.Debug|Any CPU.Build.0 = Debug|Any CPU
		{1ECDF9DE-60ED-553A-3AC6-2BBBB00F4EA2}.Release|Any CPU.ActiveCfg = Release|Any CPU
		{1ECDF9DE-60ED-553A-3AC6-2BBBB00F4EA2}.Release|Any CPU.Build.0 = Release|Any CPU
	EndGlobalSection
	GlobalSection(SolutionProperties) = preSolution
		HideSolutionNode = FALSE
	EndGlobalSection
EndGlobal
